
Microsoft Visual Studio Solution File, Format Version 12.00
# Visual Studio Version 16
VisualStudioVersion = 16.0.29020.237
MinimumVisualStudioVersion = 10.0.40219.1
Project("{FAE04EC0-301F-11D3-BF4B-00C04F79EFBC}") = "HeadFirst--HideAndSeek", "HeadFirst--HideAndSeek.csproj", "{62BDB1B7-431E-4D1F-A1C5-4B6919A1800F}"
EndProject
Global
	GlobalSection(SolutionConfigurationPlatforms) = preSolution
		Debug|Any CPU = Debug|Any CPU
		Release|Any CPU = Release|Any CPU
	EndGlobalSection
	GlobalSection(ProjectConfigurationPlatforms) = postSolution
		{62BDB1B7-431E-4D1F-A1C5-4B6919A1800F}.Debug|Any CPU.ActiveCfg = Debug|Any CPU
		{62BDB1B7-431E-4D1F-A1C5-4B6919A1800F}.Debug|Any CPU.Build.0 = Debug|Any CPU
		{62BDB1B7-431E-4D1F-A1C5-4B6919A1800F}.Release|Any CPU.ActiveCfg = Release|Any CPU
		{62BDB1B7-431E-4D1F-A1C5-4B6919A1800F}.Release|Any CPU.Build.0 = Release|Any CPU
	EndGlobalSection
	GlobalSection(SolutionProperties) = preSolution
		HideSolutionNode = FALSE
	EndGlobalSection
	GlobalSection(ExtensibilityGlobals) = postSolution
		SolutionGuid = {117C2EA0-F1A9-43CD-B7E1-7D5066AE59D8}
	EndGlobalSection
EndGlobal
